
Microsoft Visual Studio Solution File, Format Version 12.00
# Visual Studio Version 16
VisualStudioVersion = 16.0.31702.278
MinimumVisualStudioVersion = 10.0.40219.1
Project("{FAE04EC0-301F-11D3-BF4B-00C04F79EFBC}") = "redondearMuchasDivisiones", "redondearMuchasDivisiones\redondearMuchasDivisiones.csproj", "{F9E6EBBE-1383-41D6-900B-865AF473E057}"
EndProject
Global
	GlobalSection(SolutionConfigurationPlatforms) = preSolution
		Debug|Any CPU = Debug|Any CPU
		Release|Any CPU = Release|Any CPU
	EndGlobalSection
	GlobalSection(ProjectConfigurationPlatforms) = postSolution
		{F9E6EBBE-1383-41D6-900B-865AF473E057}.Debug|Any CPU.ActiveCfg = Debug|Any CPU
		{F9E6EBBE-1383-41D6-900B-865AF473E057}.Debug|Any CPU.Build.0 = Debug|Any CPU
		{F9E6EBBE-1383-41D6-900B-865AF473E057}.Release|Any CPU.ActiveCfg = Release|Any CPU
		{F9E6EBBE-1383-41D6-900B-865AF473E057}.Release|Any CPU.Build.0 = Release|Any CPU
	EndGlobalSection
	GlobalSection(SolutionProperties) = preSolution
		HideSolutionNode = FALSE
	EndGlobalSection
	GlobalSection(ExtensibilityGlobals) = postSolution
		SolutionGuid = {6C94B354-90E7-41D8-B5E6-B5779ADE3152}
	EndGlobalSection
EndGlobal
