
Microsoft Visual Studio Solution File, Format Version 12.00
# Visual Studio Version 16
VisualStudioVersion = 16.0.31702.278
MinimumVisualStudioVersion = 10.0.40219.1
Project("{FAE04EC0-301F-11D3-BF4B-00C04F79EFBC}") = "busquedaLinealMaxMinArray", "busquedaLinealMaxMinArray\busquedaLinealMaxMinArray.csproj", "{DC79DFA3-D7B2-4DDB-AE3B-FAB66462E9D5}"
EndProject
Global
	GlobalSection(SolutionConfigurationPlatforms) = preSolution
		Debug|Any CPU = Debug|Any CPU
		Release|Any CPU = Release|Any CPU
	EndGlobalSection
	GlobalSection(ProjectConfigurationPlatforms) = postSolution
		{DC79DFA3-D7B2-4DDB-AE3B-FAB66462E9D5}.Debug|Any CPU.ActiveCfg = Debug|Any CPU
		{DC79DFA3-D7B2-4DDB-AE3B-FAB66462E9D5}.Debug|Any CPU.Build.0 = Debug|Any CPU
		{DC79DFA3-D7B2-4DDB-AE3B-FAB66462E9D5}.Release|Any CPU.ActiveCfg = Release|Any CPU
		{DC79DFA3-D7B2-4DDB-AE3B-FAB66462E9D5}.Release|Any CPU.Build.0 = Release|Any CPU
	EndGlobalSection
	GlobalSection(SolutionProperties) = preSolution
		HideSolutionNode = FALSE
	EndGlobalSection
	GlobalSection(ExtensibilityGlobals) = postSolution
		SolutionGuid = {46FC70B2-3C69-45F6-B455-04CB6451B0D3}
	EndGlobalSection
EndGlobal
